// !$*UTF8*$!
{
	archiveVersion = 1;
	classes = {
	};
	objectVersion = 46;
	objects = {

/* Begin PBXBuildFile section */
		ABC65624AF410AEEEC2F7068 /* libPods-FMTBDemo.a in Frameworks */ = {isa = PBXBuildFile; fileRef = 45530C73092576B3B6C12599 /* libPods-FMTBDemo.a */; };
		CCDAD3D01D8E3A220051B575 /* main.m in Sources */ = {isa = PBXBuildFile; fileRef = CCDAD3CF1D8E3A220051B575 /* main.m */; };
		CCDAD3D31D8E3A220051B575 /* AppDelegate.m in Sources */ = {isa = PBXBuildFile; fileRef = CCDAD3D21D8E3A220051B575 /* AppDelegate.m */; };
		CCDAD3D61D8E3A220051B575 /* FirstViewController.m in Sources */ = {isa = PBXBuildFile; fileRef = CCDAD3D51D8E3A220051B575 /* FirstViewController.m */; };
		CCDAD3D91D8E3A220051B575 /* SecondViewController.m in Sources */ = {isa = PBXBuildFile; fileRef = CCDAD3D81D8E3A220051B575 /* SecondViewController.m */; };
		CCDAD3DC1D8E3A220051B575 /* Main.storyboard in Resources */ = {isa = PBXBuildFile; fileRef = CCDAD3DA1D8E3A220051B575 /* Main.storyboard */; };
		CCDAD3DE1D8E3A220051B575 /* Assets.xcassets in Resources */ = {isa = PBXBuildFile; fileRef = CCDAD3DD1D8E3A220051B575 /* Assets.xcassets */; };
		CCDAD3E11D8E3A220051B575 /* LaunchScreen.storyboard in Resources */ = {isa = PBXBuildFile; fileRef = CCDAD3DF1D8E3A220051B575 /* LaunchScreen.storyboard */; };
		CCDAD47C1D8E6C550051B575 /* bg_firstCell@2x.png in Resources */ = {isa = PBXBuildFile; fileRef = CCDAD44F1D8E6C550051B575 /* bg_firstCell@2x.png */; };
		CCDAD47D1D8E6C550051B575 /* bg_firstCell_selected@2x.png in Resources */ = {isa = PBXBuildFile; fileRef = CCDAD4501D8E6C550051B575 /* bg_firstCell_selected@2x.png */; };
		CCDAD47E1D8E6C550051B575 /* bg_lastCell@2x.png in Resources */ = {isa = PBXBuildFile; fileRef = CCDAD4511D8E6C550051B575 /* bg_lastCell@2x.png */; };
		CCDAD47F1D8E6C550051B575 /* bg_lastCell_selected@2x.png in Resources */ = {isa = PBXBuildFile; fileRef = CCDAD4521D8E6C550051B575 /* bg_lastCell_selected@2x.png */; };
		CCDAD4801D8E6C550051B575 /* bg_middleCell@2x.png in Resources */ = {isa = PBXBuildFile; fileRef = CCDAD4531D8E6C550051B575 /* bg_middleCell@2x.png */; };
		CCDAD4811D8E6C550051B575 /* bg_middleCell_selected@2x.png in Resources */ = {isa = PBXBuildFile; fileRef = CCDAD4541D8E6C550051B575 /* bg_middleCell_selected@2x.png */; };
		CCDAD4821D8E6C550051B575 /* bg_singleCell@2x.png in Resources */ = {isa = PBXBuildFile; fileRef = CCDAD4551D8E6C550051B575 /* bg_singleCell@2x.png */; };
		CCDAD4831D8E6C550051B575 /* bg_singleCell_selected@2x.png in Resources */ = {isa = PBXBuildFile; fileRef = CCDAD4561D8E6C550051B575 /* bg_singleCell_selected@2x.png */; };
		CCDAD4841D8E6C550051B575 /* Transparent@2x.png in Resources */ = {isa = PBXBuildFile; fileRef = CCDAD4571D8E6C550051B575 /* Transparent@2x.png */; };
		CCDAD4851D8E6C550051B575 /* UIButtonBarArrowLeft.png in Resources */ = {isa = PBXBuildFile; fileRef = CCDAD4581D8E6C550051B575 /* UIButtonBarArrowLeft.png */; };
		CCDAD4861D8E6C550051B575 /* UIButtonBarArrowLeft@2x.png in Resources */ = {isa = PBXBuildFile; fileRef = CCDAD4591D8E6C550051B575 /* UIButtonBarArrowLeft@2x.png */; };
		CCDAD4871D8E6C550051B575 /* UIButtonBarArrowRight.png in Resources */ = {isa = PBXBuildFile; fileRef = CCDAD45A1D8E6C550051B575 /* UIButtonBarArrowRight.png */; };
		CCDAD4881D8E6C550051B575 /* UIButtonBarArrowRight@2x.png in Resources */ = {isa = PBXBuildFile; fileRef = CCDAD45B1D8E6C550051B575 /* UIButtonBarArrowRight@2x.png */; };
		CCDAD4891D8E6C550051B575 /* FMBaseCellModel.m in Sources */ = {isa = PBXBuildFile; fileRef = CCDAD45E1D8E6C550051B575 /* FMBaseCellModel.m */; };
		CCDAD48A1D8E6C550051B575 /* FMBaseTableViewCell.m in Sources */ = {isa = PBXBuildFile; fileRef = CCDAD4611D8E6C550051B575 /* FMBaseTableViewCell.m */; };
		CCDAD48B1D8E6C550051B575 /* FMTableViewAdaptor.m in Sources */ = {isa = PBXBuildFile; fileRef = CCDAD4661D8E6C550051B575 /* FMTableViewAdaptor.m */; };
		CCDAD48C1D8E6C550051B575 /* FMTableViewController.m in Sources */ = {isa = PBXBuildFile; fileRef = CCDAD4681D8E6C550051B575 /* FMTableViewController.m */; };
		CCDAD48D1D8E6C550051B575 /* FMTableViewSection.m in Sources */ = {isa = PBXBuildFile; fileRef = CCDAD46A1D8E6C550051B575 /* FMTableViewSection.m */; };
/* End PBXBuildFile section */

/* Begin PBXFileReference section */
		45530C73092576B3B6C12599 /* libPods-FMTBDemo.a */ = {isa = PBXFileReference; explicitFileType = archive.ar; includeInIndex = 0; path = "libPods-FMTBDemo.a"; sourceTree = BUILT_PRODUCTS_DIR; };
		5C894EDD123DF248851DA960 /* Pods-FMTBDemo.debug.xcconfig */ = {isa = PBXFileReference; includeInIndex = 1; lastKnownFileType = text.xcconfig; name = "Pods-FMTBDemo.debug.xcconfig"; path = "Pods/Target Support Files/Pods-FMTBDemo/Pods-FMTBDemo.debug.xcconfig"; sourceTree = "<group>"; };
		C297EBD847EC51D74F8EA208 /* Pods-FMTBDemo.release.xcconfig */ = {isa = PBXFileReference; includeInIndex = 1; lastKnownFileType = text.xcconfig; name = "Pods-FMTBDemo.release.xcconfig"; path = "Pods/Target Support Files/Pods-FMTBDemo/Pods-FMTBDemo.release.xcconfig"; sourceTree = "<group>"; };
		CCDAD3CB1D8E3A220051B575 /* FMTBDemo.app */ = {isa = PBXFileReference; explicitFileType = wrapper.application; includeInIndex = 0; path = FMTBDemo.app; sourceTree = BUILT_PRODUCTS_DIR; };
		CCDAD3CF1D8E3A220051B575 /* main.m */ = {isa = PBXFileReference; lastKnownFileType = sourcecode.c.objc; path = main.m; sourceTree = "<group>"; };
		CCDAD3D11D8E3A220051B575 /* AppDelegate.h */ = {isa = PBXFileReference; lastKnownFileType = sourcecode.c.h; path = AppDelegate.h; sourceTree = "<group>"; };
		CCDAD3D21D8E3A220051B575 /* AppDelegate.m */ = {isa = PBXFileReference; lastKnownFileType = sourcecode.c.objc; path = AppDelegate.m; sourceTree = "<group>"; };
		CCDAD3D41D8E3A220051B575 /* FirstViewController.h */ = {isa = PBXFileReference; lastKnownFileType = sourcecode.c.h; path = FirstViewController.h; sourceTree = "<group>"; };
		CCDAD3D51D8E3A220051B575 /* FirstViewController.m */ = {isa = PBXFileReference; lastKnownFileType = sourcecode.c.objc; path = FirstViewController.m; sourceTree = "<group>"; };
		CCDAD3D71D8E3A220051B575 /* SecondViewController.h */ = {isa = PBXFileReference; lastKnownFileType = sourcecode.c.h; path = SecondViewController.h; sourceTree = "<group>"; };
		CCDAD3D81D8E3A220051B575 /* SecondViewController.m */ = {isa = PBXFileReference; lastKnownFileType = sourcecode.c.objc; path = SecondViewController.m; sourceTree = "<group>"; };
		CCDAD3DB1D8E3A220051B575 /* Base */ = {isa = PBXFileReference; lastKnownFileType = file.storyboard; name = Base; path = Base.lproj/Main.storyboard; sourceTree = "<group>"; };
		CCDAD3DD1D8E3A220051B575 /* Assets.xcassets */ = {isa = PBXFileReference; lastKnownFileType = folder.assetcatalog; path = Assets.xcassets; sourceTree = "<group>"; };
		CCDAD3E01D8E3A220051B575 /* Base */ = {isa = PBXFileReference; lastKnownFileType = file.storyboard; name = Base; path = Base.lproj/LaunchScreen.storyboard; sourceTree = "<group>"; };
		CCDAD3E21D8E3A220051B575 /* Info.plist */ = {isa = PBXFileReference; lastKnownFileType = text.plist.xml; path = Info.plist; sourceTree = "<group>"; };
		CCDAD44F1D8E6C550051B575 /* bg_firstCell@2x.png */ = {isa = PBXFileReference; lastKnownFileType = image.png; path = "bg_firstCell@2x.png"; sourceTree = "<group>"; };
		CCDAD4501D8E6C550051B575 /* bg_firstCell_selected@2x.png */ = {isa = PBXFileReference; lastKnownFileType = image.png; path = "bg_firstCell_selected@2x.png"; sourceTree = "<group>"; };
		CCDAD4511D8E6C550051B575 /* bg_lastCell@2x.png */ = {isa = PBXFileReference; lastKnownFileType = image.png; path = "bg_lastCell@2x.png"; sourceTree = "<group>"; };
		CCDAD4521D8E6C550051B575 /* bg_lastCell_selected@2x.png */ = {isa = PBXFileReference; lastKnownFileType = image.png; path = "bg_lastCell_selected@2x.png"; sourceTree = "<group>"; };
		CCDAD4531D8E6C550051B575 /* bg_middleCell@2x.png */ = {isa = PBXFileReference; lastKnownFileType = image.png; path = "bg_middleCell@2x.png"; sourceTree = "<group>"; };
		CCDAD4541D8E6C550051B575 /* bg_middleCell_selected@2x.png */ = {isa = PBXFileReference; lastKnownFileType = image.png; path = "bg_middleCell_selected@2x.png"; sourceTree = "<group>"; };
		CCDAD4551D8E6C550051B575 /* bg_singleCell@2x.png */ = {isa = PBXFileReference; lastKnownFileType = image.png; path = "bg_singleCell@2x.png"; sourceTree = "<group>"; };
		CCDAD4561D8E6C550051B575 /* bg_singleCell_selected@2x.png */ = {isa = PBXFileReference; lastKnownFileType = image.png; path = "bg_singleCell_selected@2x.png"; sourceTree = "<group>"; };
		CCDAD4571D8E6C550051B575 /* Transparent@2x.png */ = {isa = PBXFileReference; lastKnownFileType = image.png; path = "Transparent@2x.png"; sourceTree = "<group>"; };
		CCDAD4581D8E6C550051B575 /* UIButtonBarArrowLeft.png */ = {isa = PBXFileReference; lastKnownFileType = image.png; path = UIButtonBarArrowLeft.png; sourceTree = "<group>"; };
		CCDAD4591D8E6C550051B575 /* UIButtonBarArrowLeft@2x.png */ = {isa = PBXFileReference; lastKnownFileType = image.png; path = "UIButtonBarArrowLeft@2x.png"; sourceTree = "<group>"; };
		CCDAD45A1D8E6C550051B575 /* UIButtonBarArrowRight.png */ = {isa = PBXFileReference; lastKnownFileType = image.png; path = UIButtonBarArrowRight.png; sourceTree = "<group>"; };
		CCDAD45B1D8E6C550051B575 /* UIButtonBarArrowRight@2x.png */ = {isa = PBXFileReference; lastKnownFileType = image.png; path = "UIButtonBarArrowRight@2x.png"; sourceTree = "<group>"; };
		CCDAD45D1D8E6C550051B575 /* FMBaseCellModel.h */ = {isa = PBXFileReference; fileEncoding = 4; lastKnownFileType = sourcecode.c.h; path = FMBaseCellModel.h; sourceTree = "<group>"; };
		CCDAD45E1D8E6C550051B575 /* FMBaseCellModel.m */ = {isa = PBXFileReference; fileEncoding = 4; lastKnownFileType = sourcecode.c.objc; path = FMBaseCellModel.m; sourceTree = "<group>"; };
		CCDAD45F1D8E6C550051B575 /* FMCellModelBasicProtocol.h */ = {isa = PBXFileReference; fileEncoding = 4; lastKnownFileType = sourcecode.c.h; path = FMCellModelBasicProtocol.h; sourceTree = "<group>"; };
		CCDAD4601D8E6C550051B575 /* FMBaseTableViewCell.h */ = {isa = PBXFileReference; fileEncoding = 4; lastKnownFileType = sourcecode.c.h; path = FMBaseTableViewCell.h; sourceTree = "<group>"; };
		CCDAD4611D8E6C550051B575 /* FMBaseTableViewCell.m */ = {isa = PBXFileReference; fileEncoding = 4; lastKnownFileType = sourcecode.c.objc; path = FMBaseTableViewCell.m; sourceTree = "<group>"; };
		CCDAD4631D8E6C550051B575 /* FMCellModelHandlerProtocol.h */ = {isa = PBXFileReference; fileEncoding = 4; lastKnownFileType = sourcecode.c.h; path = FMCellModelHandlerProtocol.h; sourceTree = "<group>"; };
		CCDAD4641D8E6C550051B575 /* FMCellModelRenderProtocol.h */ = {isa = PBXFileReference; fileEncoding = 4; lastKnownFileType = sourcecode.c.h; path = FMCellModelRenderProtocol.h; sourceTree = "<group>"; };
		CCDAD4651D8E6C550051B575 /* FMTableViewAdaptor.h */ = {isa = PBXFileReference; fileEncoding = 4; lastKnownFileType = sourcecode.c.h; path = FMTableViewAdaptor.h; sourceTree = "<group>"; };
		CCDAD4661D8E6C550051B575 /* FMTableViewAdaptor.m */ = {isa = PBXFileReference; fileEncoding = 4; lastKnownFileType = sourcecode.c.objc; path = FMTableViewAdaptor.m; sourceTree = "<group>"; };
		CCDAD4671D8E6C550051B575 /* FMTableViewController.h */ = {isa = PBXFileReference; fileEncoding = 4; lastKnownFileType = sourcecode.c.h; path = FMTableViewController.h; sourceTree = "<group>"; };
		CCDAD4681D8E6C550051B575 /* FMTableViewController.m */ = {isa = PBXFileReference; fileEncoding = 4; lastKnownFileType = sourcecode.c.objc; path = FMTableViewController.m; sourceTree = "<group>"; };
		CCDAD4691D8E6C550051B575 /* FMTableViewSection.h */ = {isa = PBXFileReference; fileEncoding = 4; lastKnownFileType = sourcecode.c.h; path = FMTableViewSection.h; sourceTree = "<group>"; };
		CCDAD46A1D8E6C550051B575 /* FMTableViewSection.m */ = {isa = PBXFileReference; fileEncoding = 4; lastKnownFileType = sourcecode.c.objc; path = FMTableViewSection.m; sourceTree = "<group>"; };
		CCDAD46B1D8E6C550051B575 /* FMTB.h */ = {isa = PBXFileReference; fileEncoding = 4; lastKnownFileType = sourcecode.c.h; path = FMTB.h; sourceTree = "<group>"; };
/* End PBXFileReference section */

/* Begin PBXFrameworksBuildPhase section */
		CCDAD3C81D8E3A220051B575 /* Frameworks */ = {
			isa = PBXFrameworksBuildPhase;
			buildActionMask = 2147483647;
			files = (
				ABC65624AF410AEEEC2F7068 /* libPods-FMTBDemo.a in Frameworks */,
			);
			runOnlyForDeploymentPostprocessing = 0;
		};
/* End PBXFrameworksBuildPhase section */

/* Begin PBXGroup section */
		C68D6DAEF3E746727A8AAABF /* Frameworks */ = {
			isa = PBXGroup;
			children = (
				45530C73092576B3B6C12599 /* libPods-FMTBDemo.a */,
			);
			name = Frameworks;
			sourceTree = "<group>";
		};
		CCDAD3C21D8E3A220051B575 = {
			isa = PBXGroup;
			children = (
				CCDAD3CD1D8E3A220051B575 /* FMTBDemo */,
				CCDAD3CC1D8E3A220051B575 /* Products */,
				F84567FE28ACBA0988FA7330 /* Pods */,
				C68D6DAEF3E746727A8AAABF /* Frameworks */,
			);
			sourceTree = "<group>";
		};
		CCDAD3CC1D8E3A220051B575 /* Products */ = {
			isa = PBXGroup;
			children = (
				CCDAD3CB1D8E3A220051B575 /* FMTBDemo.app */,
			);
			name = Products;
			sourceTree = "<group>";
		};
		CCDAD3CD1D8E3A220051B575 /* FMTBDemo */ = {
			isa = PBXGroup;
			children = (
				CCDAD44D1D8E6C550051B575 /* FMTB */,
				CCDAD3D11D8E3A220051B575 /* AppDelegate.h */,
				CCDAD3D21D8E3A220051B575 /* AppDelegate.m */,
				CCDAD3D41D8E3A220051B575 /* FirstViewController.h */,
				CCDAD3D51D8E3A220051B575 /* FirstViewController.m */,
				CCDAD3D71D8E3A220051B575 /* SecondViewController.h */,
				CCDAD3D81D8E3A220051B575 /* SecondViewController.m */,
				CCDAD3DA1D8E3A220051B575 /* Main.storyboard */,
				CCDAD3DD1D8E3A220051B575 /* Assets.xcassets */,
				CCDAD3DF1D8E3A220051B575 /* LaunchScreen.storyboard */,
				CCDAD3E21D8E3A220051B575 /* Info.plist */,
				CCDAD3CE1D8E3A220051B575 /* Supporting Files */,
			);
			path = FMTBDemo;
			sourceTree = "<group>";
		};
		CCDAD3CE1D8E3A220051B575 /* Supporting Files */ = {
			isa = PBXGroup;
			children = (
				CCDAD3CF1D8E3A220051B575 /* main.m */,
			);
			name = "Supporting Files";
			sourceTree = "<group>";
		};
		CCDAD44D1D8E6C550051B575 /* FMTB */ = {
			isa = PBXGroup;
			children = (
				CCDAD44E1D8E6C550051B575 /* Assets */,
				CCDAD45C1D8E6C550051B575 /* Classes */,
			);
			path = FMTB;
			sourceTree = "<group>";
		};
		CCDAD44E1D8E6C550051B575 /* Assets */ = {
			isa = PBXGroup;
			children = (
				CCDAD44F1D8E6C550051B575 /* bg_firstCell@2x.png */,
				CCDAD4501D8E6C550051B575 /* bg_firstCell_selected@2x.png */,
				CCDAD4511D8E6C550051B575 /* bg_lastCell@2x.png */,
				CCDAD4521D8E6C550051B575 /* bg_lastCell_selected@2x.png */,
				CCDAD4531D8E6C550051B575 /* bg_middleCell@2x.png */,
				CCDAD4541D8E6C550051B575 /* bg_middleCell_selected@2x.png */,
				CCDAD4551D8E6C550051B575 /* bg_singleCell@2x.png */,
				CCDAD4561D8E6C550051B575 /* bg_singleCell_selected@2x.png */,
				CCDAD4571D8E6C550051B575 /* Transparent@2x.png */,
				CCDAD4581D8E6C550051B575 /* UIButtonBarArrowLeft.png */,
				CCDAD4591D8E6C550051B575 /* UIButtonBarArrowLeft@2x.png */,
				CCDAD45A1D8E6C550051B575 /* UIButtonBarArrowRight.png */,
				CCDAD45B1D8E6C550051B575 /* UIButtonBarArrowRight@2x.png */,
			);
			path = Assets;
			sourceTree = "<group>";
		};
		CCDAD45C1D8E6C550051B575 /* Classes */ = {
			isa = PBXGroup;
			children = (
				CCDAD45D1D8E6C550051B575 /* FMBaseCellModel.h */,
				CCDAD45E1D8E6C550051B575 /* FMBaseCellModel.m */,
				CCDAD4601D8E6C550051B575 /* FMBaseTableViewCell.h */,
				CCDAD4611D8E6C550051B575 /* FMBaseTableViewCell.m */,
				CCDAD45F1D8E6C550051B575 /* FMCellModelBasicProtocol.h */,
				CCDAD4631D8E6C550051B575 /* FMCellModelHandlerProtocol.h */,
				CCDAD4641D8E6C550051B575 /* FMCellModelRenderProtocol.h */,
				CCDAD4651D8E6C550051B575 /* FMTableViewAdaptor.h */,
				CCDAD4661D8E6C550051B575 /* FMTableViewAdaptor.m */,
				CCDAD4671D8E6C550051B575 /* FMTableViewController.h */,
				CCDAD4681D8E6C550051B575 /* FMTableViewController.m */,
				CCDAD4691D8E6C550051B575 /* FMTableViewSection.h */,
				CCDAD46A1D8E6C550051B575 /* FMTableViewSection.m */,
				CCDAD46B1D8E6C550051B575 /* FMTB.h */,
			);
			path = Classes;
			sourceTree = "<group>";
		};
		F84567FE28ACBA0988FA7330 /* Pods */ = {
			isa = PBXGroup;
			children = (
				5C894EDD123DF248851DA960 /* Pods-FMTBDemo.debug.xcconfig */,
				C297EBD847EC51D74F8EA208 /* Pods-FMTBDemo.release.xcconfig */,
			);
			name = Pods;
			sourceTree = "<group>";
		};
/* End PBXGroup section */

/* Begin PBXNativeTarget section */
		CCDAD3CA1D8E3A220051B575 /* FMTBDemo */ = {
			isa = PBXNativeTarget;
			buildConfigurationList = CCDAD3E51D8E3A220051B575 /* Build configuration list for PBXNativeTarget "FMTBDemo" */;
			buildPhases = (
				CCBA3C5E7221FEA6A86BB91C /* Check Pods Manifest.lock */,
				CCDAD3C71D8E3A220051B575 /* Sources */,
				CCDAD3C81D8E3A220051B575 /* Frameworks */,
				CCDAD3C91D8E3A220051B575 /* Resources */,
				97C1A93296DC386947E2E736 /* Embed Pods Frameworks */,
				88592447298753BA0626C90D /* Copy Pods Resources */,
			);
			buildRules = (
			);
			dependencies = (
			);
			name = FMTBDemo;
			productName = FMTBDemo;
			productReference = CCDAD3CB1D8E3A220051B575 /* FMTBDemo.app */;
			productType = "com.apple.product-type.application";
		};
/* End PBXNativeTarget section */

/* Begin PBXProject section */
		CCDAD3C31D8E3A220051B575 /* Project object */ = {
			isa = PBXProject;
			attributes = {
				LastUpgradeCheck = 0730;
				ORGANIZATIONNAME = NewBee;
				TargetAttributes = {
					CCDAD3CA1D8E3A220051B575 = {
						CreatedOnToolsVersion = 7.3.1;
					};
				};
			};
			buildConfigurationList = CCDAD3C61D8E3A220051B575 /* Build configuration list for PBXProject "FMTBDemo" */;
			compatibilityVersion = "Xcode 3.2";
			developmentRegion = English;
			hasScannedForEncodings = 0;
			knownRegions = (
				en,
				Base,
			);
			mainGroup = CCDAD3C21D8E3A220051B575;
			productRefGroup = CCDAD3CC1D8E3A220051B575 /* Products */;
			projectDirPath = "";
			projectRoot = "";
			targets = (
				CCDAD3CA1D8E3A220051B575 /* FMTBDemo */,
			);
		};
/* End PBXProject section */

/* Begin PBXResourcesBuildPhase section */
		CCDAD3C91D8E3A220051B575 /* Resources */ = {
			isa = PBXResourcesBuildPhase;
			buildActionMask = 2147483647;
			files = (
				CCDAD4801D8E6C550051B575 /* bg_middleCell@2x.png in Resources */,
				CCDAD4881D8E6C550051B575 /* UIButtonBarArrowRight@2x.png in Resources */,
				CCDAD4851D8E6C550051B575 /* UIButtonBarArrowLeft.png in Resources */,
				CCDAD4841D8E6C550051B575 /* Transparent@2x.png in Resources */,
				CCDAD4871D8E6C550051B575 /* UIButtonBarArrowRight.png in Resources */,
				CCDAD47C1D8E6C550051B575 /* bg_firstCell@2x.png in Resources */,
				CCDAD3E11D8E3A220051B575 /* LaunchScreen.storyboard in Resources */,
				CCDAD4821D8E6C550051B575 /* bg_singleCell@2x.png in Resources */,
				CCDAD3DE1D8E3A220051B575 /* Assets.xcassets in Resources */,
				CCDAD47E1D8E6C550051B575 /* bg_lastCell@2x.png in Resources */,
				CCDAD47D1D8E6C550051B575 /* bg_firstCell_selected@2x.png in Resources */,
				CCDAD4811D8E6C550051B575 /* bg_middleCell_selected@2x.png in Resources */,
				CCDAD3DC1D8E3A220051B575 /* Main.storyboard in Resources */,
				CCDAD47F1D8E6C550051B575 /* bg_lastCell_selected@2x.png in Resources */,
				CCDAD4831D8E6C550051B575 /* bg_singleCell_selected@2x.png in Resources */,
				CCDAD4861D8E6C550051B575 /* UIButtonBarArrowLeft@2x.png in Resources */,
			);
			runOnlyForDeploymentPostprocessing = 0;
		};
/* End PBXResourcesBuildPhase section */

/* Begin PBXShellScriptBuildPhase section */
		88592447298753BA0626C90D /* Copy Pods Resources */ = {
			isa = PBXShellScriptBuildPhase;
			buildActionMask = 2147483647;
			files = (
			);
			inputPaths = (
			);
			name = "Copy Pods Resources";
			outputPaths = (
			);
			runOnlyForDeploymentPostprocessing = 0;
			shellPath = /bin/sh;
			shellScript = "\"${SRCROOT}/Pods/Target Support Files/Pods-FMTBDemo/Pods-FMTBDemo-resources.sh\"\n";
			showEnvVarsInLog = 0;
		};
		97C1A93296DC386947E2E736 /* Embed Pods Frameworks */ = {
			isa = PBXShellScriptBuildPhase;
			buildActionMask = 2147483647;
			files = (
			);
			inputPaths = (
			);
			name = "Embed Pods Frameworks";
			outputPaths = (
			);
			runOnlyForDeploymentPostprocessing = 0;
			shellPath = /bin/sh;
			shellScript = "\"${SRCROOT}/Pods/Target Support Files/Pods-FMTBDemo/Pods-FMTBDemo-frameworks.sh\"\n";
			showEnvVarsInLog = 0;
		};
		CCBA3C5E7221FEA6A86BB91C /* Check Pods Manifest.lock */ = {
			isa = PBXShellScriptBuildPhase;
			buildActionMask = 2147483647;
			files = (
			);
			inputPaths = (
			);
			name = "Check Pods Manifest.lock";
			outputPaths = (
			);
			runOnlyForDeploymentPostprocessing = 0;
			shellPath = /bin/sh;
			shellScript = "diff \"${PODS_ROOT}/../Podfile.lock\" \"${PODS_ROOT}/Manifest.lock\" > /dev/null\nif [[ $? != 0 ]] ; then\n    cat << EOM\nerror: The sandbox is not in sync with the Podfile.lock. Run 'pod install' or update your CocoaPods installation.\nEOM\n    exit 1\nfi\n";
			showEnvVarsInLog = 0;
		};
/* End PBXShellScriptBuildPhase section */

/* Begin PBXSourcesBuildPhase section */
		CCDAD3C71D8E3A220051B575 /* Sources */ = {
			isa = PBXSourcesBuildPhase;
			buildActionMask = 2147483647;
			files = (
				CCDAD3D91D8E3A220051B575 /* SecondViewController.m in Sources */,
				CCDAD3D31D8E3A220051B575 /* AppDelegate.m in Sources */,
				CCDAD48B1D8E6C550051B575 /* FMTableViewAdaptor.m in Sources */,
				CCDAD3D61D8E3A220051B575 /* FirstViewController.m in Sources */,
				CCDAD48D1D8E6C550051B575 /* FMTableViewSection.m in Sources */,
				CCDAD48C1D8E6C550051B575 /* FMTableViewController.m in Sources */,
				CCDAD48A1D8E6C550051B575 /* FMBaseTableViewCell.m in Sources */,
				CCDAD3D01D8E3A220051B575 /* main.m in Sources */,
				CCDAD4891D8E6C550051B575 /* FMBaseCellModel.m in Sources */,
			);
			runOnlyForDeploymentPostprocessing = 0;
		};
/* End PBXSourcesBuildPhase section */

/* Begin PBXVariantGroup section */
		CCDAD3DA1D8E3A220051B575 /* Main.storyboard */ = {
			isa = PBXVariantGroup;
			children = (
				CCDAD3DB1D8E3A220051B575 /* Base */,
			);
			name = Main.storyboard;
			sourceTree = "<group>";
		};
		CCDAD3DF1D8E3A220051B575 /* LaunchScreen.storyboard */ = {
			isa = PBXVariantGroup;
			children = (
				CCDAD3E01D8E3A220051B575 /* Base */,
			);
			name = LaunchScreen.storyboard;
			sourceTree = "<group>";
		};
/* End PBXVariantGroup section */

/* Begin XCBuildConfiguration section */
		CCDAD3E31D8E3A220051B575 /* Debug */ = {
			isa = XCBuildConfiguration;
			buildSettings = {
				ALWAYS_SEARCH_USER_PATHS = NO;
				CLANG_ANALYZER_NONNULL = YES;
				CLANG_CXX_LANGUAGE_STANDARD = "gnu++0x";
				CLANG_CXX_LIBRARY = "libc++";
				CLANG_ENABLE_MODULES = YES;
				CLANG_ENABLE_OBJC_ARC = YES;
				CLANG_WARN_BOOL_CONVERSION = YES;
				CLANG_WARN_CONSTANT_CONVERSION = YES;
				CLANG_WARN_DIRECT_OBJC_ISA_USAGE = YES_ERROR;
				CLANG_WARN_EMPTY_BODY = YES;
				CLANG_WARN_ENUM_CONVERSION = YES;
				CLANG_WARN_INT_CONVERSION = YES;
				CLANG_WARN_OBJC_ROOT_CLASS = YES_ERROR;
				CLANG_WARN_UNREACHABLE_CODE = YES;
				CLANG_WARN__DUPLICATE_METHOD_MATCH = YES;
				"CODE_SIGN_IDENTITY[sdk=iphoneos*]" = "iPhone Developer";
				COPY_PHASE_STRIP = NO;
				DEBUG_INFORMATION_FORMAT = dwarf;
				ENABLE_STRICT_OBJC_MSGSEND = YES;
				ENABLE_TESTABILITY = YES;
				GCC_C_LANGUAGE_STANDARD = gnu99;
				GCC_DYNAMIC_NO_PIC = NO;
				GCC_NO_COMMON_BLOCKS = YES;
				GCC_OPTIMIZATION_LEVEL = 0;
				GCC_PREPROCESSOR_DEFINITIONS = (
					"DEBUG=1",
					"$(inherited)",
				);
				GCC_WARN_64_TO_32_BIT_CONVERSION = YES;
				GCC_WARN_ABOUT_RETURN_TYPE = YES_ERROR;
				GCC_WARN_UNDECLARED_SELECTOR = YES;
				GCC_WARN_UNINITIALIZED_AUTOS = YES_AGGRESSIVE;
				GCC_WARN_UNUSED_FUNCTION = YES;
				GCC_WARN_UNUSED_VARIABLE = YES;
				IPHONEOS_DEPLOYMENT_TARGET = 9.3;
				MTL_ENABLE_DEBUG_INFO = YES;
				ONLY_ACTIVE_ARCH = YES;
				SDKROOT = iphoneos;
			};
			name = Debug;
		};
		CCDAD3E41D8E3A220051B575 /* Release */ = {
			isa = XCBuildConfiguration;
			buildSettings = {
				ALWAYS_SEARCH_USER_PATHS = NO;
				CLANG_ANALYZER_NONNULL = YES;
				CLANG_CXX_LANGUAGE_STANDARD = "gnu++0x";
				CLANG_CXX_LIBRARY = "libc++";
				CLANG_ENABLE_MODULES = YES;
				CLANG_ENABLE_OBJC_ARC = YES;
				CLANG_WARN_BOOL_CONVERSION = YES;
				CLANG_WARN_CONSTANT_CONVERSION = YES;
				CLANG_WARN_DIRECT_OBJC_ISA_USAGE = YES_ERROR;
				CLANG_WARN_EMPTY_BODY = YES;
				CLANG_WARN_ENUM_CONVERSION = YES;
				CLANG_WARN_INT_CONVERSION = YES;
				CLANG_WARN_OBJC_ROOT_CLASS = YES_ERROR;
				CLANG_WARN_UNREACHABLE_CODE = YES;
				CLANG_WARN__DUPLICATE_METHOD_MATCH = YES;
				"CODE_SIGN_IDENTITY[sdk=iphoneos*]" = "iPhone Developer";
				COPY_PHASE_STRIP = NO;
				DEBUG_INFORMATION_FORMAT = "dwarf-with-dsym";
				ENABLE_NS_ASSERTIONS = NO;
				ENABLE_STRICT_OBJC_MSGSEND = YES;
				GCC_C_LANGUAGE_STANDARD = gnu99;
				GCC_NO_COMMON_BLOCKS = YES;
				GCC_WARN_64_TO_32_BIT_CONVERSION = YES;
				GCC_WARN_ABOUT_RETURN_TYPE = YES_ERROR;
				GCC_WARN_UNDECLARED_SELECTOR = YES;
				GCC_WARN_UNINITIALIZED_AUTOS = YES_AGGRESSIVE;
				GCC_WARN_UNUSED_FUNCTION = YES;
				GCC_WARN_UNUSED_VARIABLE = YES;
				IPHONEOS_DEPLOYMENT_TARGET = 9.3;
				MTL_ENABLE_DEBUG_INFO = NO;
				SDKROOT = iphoneos;
				VALIDATE_PRODUCT = YES;
			};
			name = Release;
		};
		CCDAD3E61D8E3A220051B575 /* Debug */ = {
			isa = XCBuildConfiguration;
			baseConfigurationReference = 5C894EDD123DF248851DA960 /* Pods-FMTBDemo.debug.xcconfig */;
			buildSettings = {
				ASSETCATALOG_COMPILER_APPICON_NAME = AppIcon;
				INFOPLIST_FILE = FMTBDemo/Info.plist;
				LD_RUNPATH_SEARCH_PATHS = "$(inherited) @executable_path/Frameworks";
				PRODUCT_BUNDLE_IDENTIFIER = com.newbee.FMTBDemo;
				PRODUCT_NAME = "$(TARGET_NAME)";
			};
			name = Debug;
		};
		CCDAD3E71D8E3A220051B575 /* Release */ = {
			isa = XCBuildConfiguration;
			baseConfigurationReference = C297EBD847EC51D74F8EA208 /* Pods-FMTBDemo.release.xcconfig */;
			buildSettings = {
				ASSETCATALOG_COMPILER_APPICON_NAME = AppIcon;
				INFOPLIST_FILE = FMTBDemo/Info.plist;
				LD_RUNPATH_SEARCH_PATHS = "$(inherited) @executable_path/Frameworks";
				PRODUCT_BUNDLE_IDENTIFIER = com.newbee.FMTBDemo;
				PRODUCT_NAME = "$(TARGET_NAME)";
			};
			name = Release;
		};
/* End XCBuildConfiguration section */

/* Begin XCConfigurationList section */
		CCDAD3C61D8E3A220051B575 /* Build configuration list for PBXProject "FMTBDemo" */ = {
			isa = XCConfigurationList;
			buildConfigurations = (
				CCDAD3E31D8E3A220051B575 /* Debug */,
				CCDAD3E41D8E3A220051B575 /* Release */,
			);
			defaultConfigurationIsVisible = 0;
			defaultConfigurationName = Release;
		};
		CCDAD3E51D8E3A220051B575 /* Build configuration list for PBXNativeTarget "FMTBDemo" */ = {
			isa = XCConfigurationList;
			buildConfigurations = (
				CCDAD3E61D8E3A220051B575 /* Debug */,
				CCDAD3E71D8E3A220051B575 /* Release */,
			);
			defaultConfigurationIsVisible = 0;
			defaultConfigurationName = Release;
		};
/* End XCConfigurationList section */
	};
	rootObject = CCDAD3C31D8E3A220051B575 /* Project object */;
}
